
Microsoft Visual Studio Solution File, Format Version 12.00
# Visual Studio 15
VisualStudioVersion = 15.0.27004.2008
MinimumVisualStudioVersion = 10.0.40219.1
Project("{FAE04EC0-301F-11D3-BF4B-00C04F79EFBC}") = "Exercise4Solution", "Exercise4Solution\Exercise4Solution.csproj", "{95C479A4-5E1B-4E82-BE91-A9CDF64E9A5B}"
EndProject
Project("{FAE04EC0-301F-11D3-BF4B-00C04F79EFBC}") = "Exercise2Solution", "Exercise2Solution\Exercise2Solution.csproj", "{4068F9AB-3476-40F5-9224-EFAF90F0F426}"
EndProject
Project("{FAE04EC0-301F-11D3-BF4B-00C04F79EFBC}") = "Exercise3Solution", "Exercise3Solution\Exercise3Solution.csproj", "{051325DA-3AD7-4889-A005-1DAB50D5520C}"
EndProject
Project("{FAE04EC0-301F-11D3-BF4B-00C04F79EFBC}") = "Exercise1Solution", "Exercise1Solution\Exercise1Solution.csproj", "{F4FCA123-79A5-4EA3-9D32-788AF8AE53A3}"
EndProject
Project("{FAE04EC0-301F-11D3-BF4B-00C04F79EFBC}") = "Exercise10", "Exercise10\Exercise10.csproj", "{2129085F-7584-4CE4-A017-63BA8F1FA710}"
EndProject
Project("{FAE04EC0-301F-11D3-BF4B-00C04F79EFBC}") = "Exercise11", "Exercise11\Exercise11.csproj", "{EA5AE2FA-DC73-4867-B5B4-DD0470257160}"
EndProject
Project("{FAE04EC0-301F-11D3-BF4B-00C04F79EFBC}") = "Excercise9", "Excercise9\Excercise9.csproj", "{53026399-093D-441D-84CB-4A9FA56CE0F9}"
EndProject
Project("{FAE04EC0-301F-11D3-BF4B-00C04F79EFBC}") = "Exercise8", "Exercise8\Exercise8.csproj", "{5D95AA72-6252-4867-BFBC-D47596CD0008}"
EndProject
Project("{FAE04EC0-301F-11D3-BF4B-00C04F79EFBC}") = "Exercise6And7", "Exercise6And7\Exercise6And7.csproj", "{A97F2771-126E-45EE-B58C-713AF1D1D9F0}"
EndProject
Project("{FAE04EC0-301F-11D3-BF4B-00C04F79EFBC}") = "Exercise5Solution", "Exercise5Solution\Exercise5Solution.csproj", "{1A3A6689-287F-4EEA-A983-CB4BE6D7BC30}"
EndProject
Global
	GlobalSection(SolutionConfigurationPlatforms) = preSolution
		Ad-Hoc|Any CPU = Ad-Hoc|Any CPU
		Ad-Hoc|iPhone = Ad-Hoc|iPhone
		Ad-Hoc|iPhoneSimulator = Ad-Hoc|iPhoneSimulator
		AppStore|Any CPU = AppStore|Any CPU
		AppStore|iPhone = AppStore|iPhone
		AppStore|iPhoneSimulator = AppStore|iPhoneSimulator
		Debug|Any CPU = Debug|Any CPU
		Debug|iPhone = Debug|iPhone
		Debug|iPhoneSimulator = Debug|iPhoneSimulator
		Release|Any CPU = Release|Any CPU
		Release|iPhone = Release|iPhone
		Release|iPhoneSimulator = Release|iPhoneSimulator
	EndGlobalSection
	GlobalSection(ProjectConfigurationPlatforms) = postSolution
		{95C479A4-5E1B-4E82-BE91-A9CDF64E9A5B}.Ad-Hoc|Any CPU.ActiveCfg = Release|Any CPU
		{95C479A4-5E1B-4E82-BE91-A9CDF64E9A5B}.Ad-Hoc|Any CPU.Build.0 = Release|Any CPU
		{95C479A4-5E1B-4E82-BE91-A9CDF64E9A5B}.Ad-Hoc|Any CPU.Deploy.0 = Release|Any CPU
		{95C479A4-5E1B-4E82-BE91-A9CDF64E9A5B}.Ad-Hoc|iPhone.ActiveCfg = Release|Any CPU
		{95C479A4-5E1B-4E82-BE91-A9CDF64E9A5B}.Ad-Hoc|iPhone.Build.0 = Release|Any CPU
		{95C479A4-5E1B-4E82-BE91-A9CDF64E9A5B}.Ad-Hoc|iPhone.Deploy.0 = Release|Any CPU
		{95C479A4-5E1B-4E82-BE91-A9CDF64E9A5B}.Ad-Hoc|iPhoneSimulator.ActiveCfg = Release|Any CPU
		{95C479A4-5E1B-4E82-BE91-A9CDF64E9A5B}.Ad-Hoc|iPhoneSimulator.Build.0 = Release|Any CPU
		{95C479A4-5E1B-4E82-BE91-A9CDF64E9A5B}.Ad-Hoc|iPhoneSimulator.Deploy.0 = Release|Any CPU
		{95C479A4-5E1B-4E82-BE91-A9CDF64E9A5B}.AppStore|Any CPU.ActiveCfg = Release|Any CPU
		{95C479A4-5E1B-4E82-BE91-A9CDF64E9A5B}.AppStore|Any CPU.Build.0 = Release|Any CPU
		{95C479A4-5E1B-4E82-BE91-A9CDF64E9A5B}.AppStore|Any CPU.Deploy.0 = Release|Any CPU
		{95C479A4-5E1B-4E82-BE91-A9CDF64E9A5B}.AppStore|iPhone.ActiveCfg = Release|Any CPU
		{95C479A4-5E1B-4E82-BE91-A9CDF64E9A5B}.AppStore|iPhone.Build.0 = Release|Any CPU
		{95C479A4-5E1B-4E82-BE91-A9CDF64E9A5B}.AppStore|iPhone.Deploy.0 = Release|Any CPU
		{95C479A4-5E1B-4E82-BE91-A9CDF64E9A5B}.AppStore|iPhoneSimulator.ActiveCfg = Release|Any CPU
		{95C479A4-5E1B-4E82-BE91-A9CDF64E9A5B}.AppStore|iPhoneSimulator.Build.0 = Release|Any CPU
		{95C479A4-5E1B-4E82-BE91-A9CDF64E9A5B}.AppStore|iPhoneSimulator.Deploy.0 = Release|Any CPU
		{95C479A4-5E1B-4E82-BE91-A9CDF64E9A5B}.Debug|Any CPU.ActiveCfg = Debug|Any CPU
		{95C479A4-5E1B-4E82-BE91-A9CDF64E9A5B}.Debug|Any CPU.Build.0 = Debug|Any CPU
		{95C479A4-5E1B-4E82-BE91-A9CDF64E9A5B}.Debug|Any CPU.Deploy.0 = Debug|Any CPU
		{95C479A4-5E1B-4E82-BE91-A9CDF64E9A5B}.Debug|iPhone.ActiveCfg = Debug|Any CPU
		{95C479A4-5E1B-4E82-BE91-A9CDF64E9A5B}.Debug|iPhone.Build.0 = Debug|Any CPU
		{95C479A4-5E1B-4E82-BE91-A9CDF64E9A5B}.Debug|iPhone.Deploy.0 = Debug|Any CPU
		{95C479A4-5E1B-4E82-BE91-A9CDF64E9A5B}.Debug|iPhoneSimulator.ActiveCfg = Debug|Any CPU
		{95C479A4-5E1B-4E82-BE91-A9CDF64E9A5B}.Debug|iPhoneSimulator.Build.0 = Debug|Any CPU
		{95C479A4-5E1B-4E82-BE91-A9CDF64E9A5B}.Debug|iPhoneSimulator.Deploy.0 = Debug|Any CPU
		{95C479A4-5E1B-4E82-BE91-A9CDF64E9A5B}.Release|Any CPU.ActiveCfg = Release|Any CPU
		{95C479A4-5E1B-4E82-BE91-A9CDF64E9A5B}.Release|Any CPU.Build.0 = Release|Any CPU
		{95C479A4-5E1B-4E82-BE91-A9CDF64E9A5B}.Release|Any CPU.Deploy.0 = Release|Any CPU
		{95C479A4-5E1B-4E82-BE91-A9CDF64E9A5B}.Release|iPhone.ActiveCfg = Release|Any CPU
		{95C479A4-5E1B-4E82-BE91-A9CDF64E9A5B}.Release|iPhone.Build.0 = Release|Any CPU
		{95C479A4-5E1B-4E82-BE91-A9CDF64E9A5B}.Release|iPhone.Deploy.0 = Release|Any CPU
		{95C479A4-5E1B-4E82-BE91-A9CDF64E9A5B}.Release|iPhoneSimulator.ActiveCfg = Release|Any CPU
		{95C479A4-5E1B-4E82-BE91-A9CDF64E9A5B}.Release|iPhoneSimulator.Build.0 = Release|Any CPU
		{95C479A4-5E1B-4E82-BE91-A9CDF64E9A5B}.Release|iPhoneSimulator.Deploy.0 = Release|Any CPU
		{4068F9AB-3476-40F5-9224-EFAF90F0F426}.Ad-Hoc|Any CPU.ActiveCfg = Release|Any CPU
		{4068F9AB-3476-40F5-9224-EFAF90F0F426}.Ad-Hoc|Any CPU.Build.0 = Release|Any CPU
		{4068F9AB-3476-40F5-9224-EFAF90F0F426}.Ad-Hoc|Any CPU.Deploy.0 = Release|Any CPU
		{4068F9AB-3476-40F5-9224-EFAF90F0F426}.Ad-Hoc|iPhone.ActiveCfg = Release|Any CPU
		{4068F9AB-3476-40F5-9224-EFAF90F0F426}.Ad-Hoc|iPhone.Build.0 = Release|Any CPU
		{4068F9AB-3476-40F5-9224-EFAF90F0F426}.Ad-Hoc|iPhone.Deploy.0 = Release|Any CPU
		{4068F9AB-3476-40F5-9224-EFAF90F0F426}.Ad-Hoc|iPhoneSimulator.ActiveCfg = Release|Any CPU
		{4068F9AB-3476-40F5-9224-EFAF90F0F426}.Ad-Hoc|iPhoneSimulator.Build.0 = Release|Any CPU
		{4068F9AB-3476-40F5-9224-EFAF90F0F426}.Ad-Hoc|iPhoneSimulator.Deploy.0 = Release|Any CPU
		{4068F9AB-3476-40F5-9224-EFAF90F0F426}.AppStore|Any CPU.ActiveCfg = Release|Any CPU
		{4068F9AB-3476-40F5-9224-EFAF90F0F426}.AppStore|Any CPU.Build.0 = Release|Any CPU
		{4068F9AB-3476-40F5-9224-EFAF90F0F426}.AppStore|Any CPU.Deploy.0 = Release|Any CPU
		{4068F9AB-3476-40F5-9224-EFAF90F0F426}.AppStore|iPhone.ActiveCfg = Release|Any CPU
		{4068F9AB-3476-40F5-9224-EFAF90F0F426}.AppStore|iPhone.Build.0 = Release|Any CPU
		{4068F9AB-3476-40F5-9224-EFAF90F0F426}.AppStore|iPhone.Deploy.0 = Release|Any CPU
		{4068F9AB-3476-40F5-9224-EFAF90F0F426}.AppStore|iPhoneSimulator.ActiveCfg = Release|Any CPU
		{4068F9AB-3476-40F5-9224-EFAF90F0F426}.AppStore|iPhoneSimulator.Build.0 = Release|Any CPU
		{4068F9AB-3476-40F5-9224-EFAF90F0F426}.AppStore|iPhoneSimulator.Deploy.0 = Release|Any CPU
		{4068F9AB-3476-40F5-9224-EFAF90F0F426}.Debug|Any CPU.ActiveCfg = Debug|Any CPU
		{4068F9AB-3476-40F5-9224-EFAF90F0F426}.Debug|Any CPU.Build.0 = Debug|Any CPU
		{4068F9AB-3476-40F5-9224-EFAF90F0F426}.Debug|Any CPU.Deploy.0 = Debug|Any CPU
		{4068F9AB-3476-40F5-9224-EFAF90F0F426}.Debug|iPhone.ActiveCfg = Debug|Any CPU
		{4068F9AB-3476-40F5-9224-EFAF90F0F426}.Debug|iPhone.Build.0 = Debug|Any CPU
		{4068F9AB-3476-40F5-9224-EFAF90F0F426}.Debug|iPhone.Deploy.0 = Debug|Any CPU
		{4068F9AB-3476-40F5-9224-EFAF90F0F426}.Debug|iPhoneSimulator.ActiveCfg = Debug|Any CPU
		{4068F9AB-3476-40F5-9224-EFAF90F0F426}.Debug|iPhoneSimulator.Build.0 = Debug|Any CPU
		{4068F9AB-3476-40F5-9224-EFAF90F0F426}.Debug|iPhoneSimulator.Deploy.0 = Debug|Any CPU
		{4068F9AB-3476-40F5-9224-EFAF90F0F426}.Release|Any CPU.ActiveCfg = Release|Any CPU
		{4068F9AB-3476-40F5-9224-EFAF90F0F426}.Release|Any CPU.Build.0 = Release|Any CPU
		{4068F9AB-3476-40F5-9224-EFAF90F0F426}.Release|Any CPU.Deploy.0 = Release|Any CPU
		{4068F9AB-3476-40F5-9224-EFAF90F0F426}.Release|iPhone.ActiveCfg = Release|Any CPU
		{4068F9AB-3476-40F5-9224-EFAF90F0F426}.Release|iPhone.Build.0 = Release|Any CPU
		{4068F9AB-3476-40F5-9224-EFAF90F0F426}.Release|iPhone.Deploy.0 = Release|Any CPU
		{4068F9AB-3476-40F5-9224-EFAF90F0F426}.Release|iPhoneSimulator.ActiveCfg = Release|Any CPU
		{4068F9AB-3476-40F5-9224-EFAF90F0F426}.Release|iPhoneSimulator.Build.0 = Release|Any CPU
		{4068F9AB-3476-40F5-9224-EFAF90F0F426}.Release|iPhoneSimulator.Deploy.0 = Release|Any CPU
		{051325DA-3AD7-4889-A005-1DAB50D5520C}.Ad-Hoc|Any CPU.ActiveCfg = Release|Any CPU
		{051325DA-3AD7-4889-A005-1DAB50D5520C}.Ad-Hoc|Any CPU.Build.0 = Release|Any CPU
		{051325DA-3AD7-4889-A005-1DAB50D5520C}.Ad-Hoc|Any CPU.Deploy.0 = Release|Any CPU
		{051325DA-3AD7-4889-A005-1DAB50D5520C}.Ad-Hoc|iPhone.ActiveCfg = Release|Any CPU
		{051325DA-3AD7-4889-A005-1DAB50D5520C}.Ad-Hoc|iPhone.Build.0 = Release|Any CPU
		{051325DA-3AD7-4889-A005-1DAB50D5520C}.Ad-Hoc|iPhone.Deploy.0 = Release|Any CPU
		{051325DA-3AD7-4889-A005-1DAB50D5520C}.Ad-Hoc|iPhoneSimulator.ActiveCfg = Release|Any CPU
		{051325DA-3AD7-4889-A005-1DAB50D5520C}.Ad-Hoc|iPhoneSimulator.Build.0 = Release|Any CPU
		{051325DA-3AD7-4889-A005-1DAB50D5520C}.Ad-Hoc|iPhoneSimulator.Deploy.0 = Release|Any CPU
		{051325DA-3AD7-4889-A005-1DAB50D5520C}.AppStore|Any CPU.ActiveCfg = Release|Any CPU
		{051325DA-3AD7-4889-A005-1DAB50D5520C}.AppStore|Any CPU.Build.0 = Release|Any CPU
		{051325DA-3AD7-4889-A005-1DAB50D5520C}.AppStore|Any CPU.Deploy.0 = Release|Any CPU
		{051325DA-3AD7-4889-A005-1DAB50D5520C}.AppStore|iPhone.ActiveCfg = Release|Any CPU
		{051325DA-3AD7-4889-A005-1DAB50D5520C}.AppStore|iPhone.Build.0 = Release|Any CPU
		{051325DA-3AD7-4889-A005-1DAB50D5520C}.AppStore|iPhone.Deploy.0 = Release|Any CPU
		{051325DA-3AD7-4889-A005-1DAB50D5520C}.AppStore|iPhoneSimulator.ActiveCfg = Release|Any CPU
		{051325DA-3AD7-4889-A005-1DAB50D5520C}.AppStore|iPhoneSimulator.Build.0 = Release|Any CPU
		{051325DA-3AD7-4889-A005-1DAB50D5520C}.AppStore|iPhoneSimulator.Deploy.0 = Release|Any CPU
		{051325DA-3AD7-4889-A005-1DAB50D5520C}.Debug|Any CPU.ActiveCfg = Debug|Any CPU
		{051325DA-3AD7-4889-A005-1DAB50D5520C}.Debug|Any CPU.Build.0 = Debug|Any CPU
		{051325DA-3AD7-4889-A005-1DAB50D5520C}.Debug|Any CPU.Deploy.0 = Debug|Any CPU
		{051325DA-3AD7-4889-A005-1DAB50D5520C}.Debug|iPhone.ActiveCfg = Debug|Any CPU
		{051325DA-3AD7-4889-A005-1DAB50D5520C}.Debug|iPhone.Build.0 = Debug|Any CPU
		{051325DA-3AD7-4889-A005-1DAB50D5520C}.Debug|iPhone.Deploy.0 = Debug|Any CPU
		{051325DA-3AD7-4889-A005-1DAB50D5520C}.Debug|iPhoneSimulator.ActiveCfg = Debug|Any CPU
		{051325DA-3AD7-4889-A005-1DAB50D5520C}.Debug|iPhoneSimulator.Build.0 = Debug|Any CPU
		{051325DA-3AD7-4889-A005-1DAB50D5520C}.Debug|iPhoneSimulator.Deploy.0 = Debug|Any CPU
		{051325DA-3AD7-4889-A005-1DAB50D5520C}.Release|Any CPU.ActiveCfg = Release|Any CPU
		{051325DA-3AD7-4889-A005-1DAB50D5520C}.Release|Any CPU.Build.0 = Release|Any CPU
		{051325DA-3AD7-4889-A005-1DAB50D5520C}.Release|Any CPU.Deploy.0 = Release|Any CPU
		{051325DA-3AD7-4889-A005-1DAB50D5520C}.Release|iPhone.ActiveCfg = Release|Any CPU
		{051325DA-3AD7-4889-A005-1DAB50D5520C}.Release|iPhone.Build.0 = Release|Any CPU
		{051325DA-3AD7-4889-A005-1DAB50D5520C}.Release|iPhone.Deploy.0 = Release|Any CPU
		{051325DA-3AD7-4889-A005-1DAB50D5520C}.Release|iPhoneSimulator.ActiveCfg = Release|Any CPU
		{051325DA-3AD7-4889-A005-1DAB50D5520C}.Release|iPhoneSimulator.Build.0 = Release|Any CPU
		{051325DA-3AD7-4889-A005-1DAB50D5520C}.Release|iPhoneSimulator.Deploy.0 = Release|Any CPU
		{F4FCA123-79A5-4EA3-9D32-788AF8AE53A3}.Ad-Hoc|Any CPU.ActiveCfg = Release|Any CPU
		{F4FCA123-79A5-4EA3-9D32-788AF8AE53A3}.Ad-Hoc|Any CPU.Build.0 = Release|Any CPU
		{F4FCA123-79A5-4EA3-9D32-788AF8AE53A3}.Ad-Hoc|Any CPU.Deploy.0 = Release|Any CPU
		{F4FCA123-79A5-4EA3-9D32-788AF8AE53A3}.Ad-Hoc|iPhone.ActiveCfg = Release|Any CPU
		{F4FCA123-79A5-4EA3-9D32-788AF8AE53A3}.Ad-Hoc|iPhone.Build.0 = Release|Any CPU
		{F4FCA123-79A5-4EA3-9D32-788AF8AE53A3}.Ad-Hoc|iPhone.Deploy.0 = Release|Any CPU
		{F4FCA123-79A5-4EA3-9D32-788AF8AE53A3}.Ad-Hoc|iPhoneSimulator.ActiveCfg = Release|Any CPU
		{F4FCA123-79A5-4EA3-9D32-788AF8AE53A3}.Ad-Hoc|iPhoneSimulator.Build.0 = Release|Any CPU
		{F4FCA123-79A5-4EA3-9D32-788AF8AE53A3}.Ad-Hoc|iPhoneSimulator.Deploy.0 = Release|Any CPU
		{F4FCA123-79A5-4EA3-9D32-788AF8AE53A3}.AppStore|Any CPU.ActiveCfg = Release|Any CPU
		{F4FCA123-79A5-4EA3-9D32-788AF8AE53A3}.AppStore|Any CPU.Build.0 = Release|Any CPU
		{F4FCA123-79A5-4EA3-9D32-788AF8AE53A3}.AppStore|Any CPU.Deploy.0 = Release|Any CPU
		{F4FCA123-79A5-4EA3-9D32-788AF8AE53A3}.AppStore|iPhone.ActiveCfg = Release|Any CPU
		{F4FCA123-79A5-4EA3-9D32-788AF8AE53A3}.AppStore|iPhone.Build.0 = Release|Any CPU
		{F4FCA123-79A5-4EA3-9D32-788AF8AE53A3}.AppStore|iPhone.Deploy.0 = Release|Any CPU
		{F4FCA123-79A5-4EA3-9D32-788AF8AE53A3}.AppStore|iPhoneSimulator.ActiveCfg = Release|Any CPU
		{F4FCA123-79A5-4EA3-9D32-788AF8AE53A3}.AppStore|iPhoneSimulator.Build.0 = Release|Any CPU
		{F4FCA123-79A5-4EA3-9D32-788AF8AE53A3}.AppStore|iPhoneSimulator.Deploy.0 = Release|Any CPU
		{F4FCA123-79A5-4EA3-9D32-788AF8AE53A3}.Debug|Any CPU.ActiveCfg = Debug|Any CPU
		{F4FCA123-79A5-4EA3-9D32-788AF8AE53A3}.Debug|Any CPU.Build.0 = Debug|Any CPU
		{F4FCA123-79A5-4EA3-9D32-788AF8AE53A3}.Debug|Any CPU.Deploy.0 = Debug|Any CPU
		{F4FCA123-79A5-4EA3-9D32-788AF8AE53A3}.Debug|iPhone.ActiveCfg = Debug|Any CPU
		{F4FCA123-79A5-4EA3-9D32-788AF8AE53A3}.Debug|iPhone.Build.0 = Debug|Any CPU
		{F4FCA123-79A5-4EA3-9D32-788AF8AE53A3}.Debug|iPhone.Deploy.0 = Debug|Any CPU
		{F4FCA123-79A5-4EA3-9D32-788AF8AE53A3}.Debug|iPhoneSimulator.ActiveCfg = Debug|Any CPU
		{F4FCA123-79A5-4EA3-9D32-788AF8AE53A3}.Debug|iPhoneSimulator.Build.0 = Debug|Any CPU
		{F4FCA123-79A5-4EA3-9D32-788AF8AE53A3}.Debug|iPhoneSimulator.Deploy.0 = Debug|Any CPU
		{F4FCA123-79A5-4EA3-9D32-788AF8AE53A3}.Release|Any CPU.ActiveCfg = Release|Any CPU
		{F4FCA123-79A5-4EA3-9D32-788AF8AE53A3}.Release|Any CPU.Build.0 = Release|Any CPU
		{F4FCA123-79A5-4EA3-9D32-788AF8AE53A3}.Release|Any CPU.Deploy.0 = Release|Any CPU
		{F4FCA123-79A5-4EA3-9D32-788AF8AE53A3}.Release|iPhone.ActiveCfg = Release|Any CPU
		{F4FCA123-79A5-4EA3-9D32-788AF8AE53A3}.Release|iPhone.Build.0 = Release|Any CPU
		{F4FCA123-79A5-4EA3-9D32-788AF8AE53A3}.Release|iPhone.Deploy.0 = Release|Any CPU
		{F4FCA123-79A5-4EA3-9D32-788AF8AE53A3}.Release|iPhoneSimulator.ActiveCfg = Release|Any CPU
		{F4FCA123-79A5-4EA3-9D32-788AF8AE53A3}.Release|iPhoneSimulator.Build.0 = Release|Any CPU
		{F4FCA123-79A5-4EA3-9D32-788AF8AE53A3}.Release|iPhoneSimulator.Deploy.0 = Release|Any CPU
		{2129085F-7584-4CE4-A017-63BA8F1FA710}.Ad-Hoc|Any CPU.ActiveCfg = Release|Any CPU
		{2129085F-7584-4CE4-A017-63BA8F1FA710}.Ad-Hoc|Any CPU.Build.0 = Release|Any CPU
		{2129085F-7584-4CE4-A017-63BA8F1FA710}.Ad-Hoc|Any CPU.Deploy.0 = Release|Any CPU
		{2129085F-7584-4CE4-A017-63BA8F1FA710}.Ad-Hoc|iPhone.ActiveCfg = Release|Any CPU
		{2129085F-7584-4CE4-A017-63BA8F1FA710}.Ad-Hoc|iPhone.Build.0 = Release|Any CPU
		{2129085F-7584-4CE4-A017-63BA8F1FA710}.Ad-Hoc|iPhone.Deploy.0 = Release|Any CPU
		{2129085F-7584-4CE4-A017-63BA8F1FA710}.Ad-Hoc|iPhoneSimulator.ActiveCfg = Release|Any CPU
		{2129085F-7584-4CE4-A017-63BA8F1FA710}.Ad-Hoc|iPhoneSimulator.Build.0 = Release|Any CPU
		{2129085F-7584-4CE4-A017-63BA8F1FA710}.Ad-Hoc|iPhoneSimulator.Deploy.0 = Release|Any CPU
		{2129085F-7584-4CE4-A017-63BA8F1FA710}.AppStore|Any CPU.ActiveCfg = Release|Any CPU
		{2129085F-7584-4CE4-A017-63BA8F1FA710}.AppStore|Any CPU.Build.0 = Release|Any CPU
		{2129085F-7584-4CE4-A017-63BA8F1FA710}.AppStore|Any CPU.Deploy.0 = Release|Any CPU
		{2129085F-7584-4CE4-A017-63BA8F1FA710}.AppStore|iPhone.ActiveCfg = Release|Any CPU
		{2129085F-7584-4CE4-A017-63BA8F1FA710}.AppStore|iPhone.Build.0 = Release|Any CPU
		{2129085F-7584-4CE4-A017-63BA8F1FA710}.AppStore|iPhone.Deploy.0 = Release|Any CPU
		{2129085F-7584-4CE4-A017-63BA8F1FA710}.AppStore|iPhoneSimulator.ActiveCfg = Release|Any CPU
		{2129085F-7584-4CE4-A017-63BA8F1FA710}.AppStore|iPhoneSimulator.Build.0 = Release|Any CPU
		{2129085F-7584-4CE4-A017-63BA8F1FA710}.AppStore|iPhoneSimulator.Deploy.0 = Release|Any CPU
		{2129085F-7584-4CE4-A017-63BA8F1FA710}.Debug|Any CPU.ActiveCfg = Debug|Any CPU
		{2129085F-7584-4CE4-A017-63BA8F1FA710}.Debug|Any CPU.Build.0 = Debug|Any CPU
		{2129085F-7584-4CE4-A017-63BA8F1FA710}.Debug|Any CPU.Deploy.0 = Debug|Any CPU
		{2129085F-7584-4CE4-A017-63BA8F1FA710}.Debug|iPhone.ActiveCfg = Debug|Any CPU
		{2129085F-7584-4CE4-A017-63BA8F1FA710}.Debug|iPhone.Build.0 = Debug|Any CPU
		{2129085F-7584-4CE4-A017-63BA8F1FA710}.Debug|iPhone.Deploy.0 = Debug|Any CPU
		{2129085F-7584-4CE4-A017-63BA8F1FA710}.Debug|iPhoneSimulator.ActiveCfg = Debug|Any CPU
		{2129085F-7584-4CE4-A017-63BA8F1FA710}.Debug|iPhoneSimulator.Build.0 = Debug|Any CPU
		{2129085F-7584-4CE4-A017-63BA8F1FA710}.Debug|iPhoneSimulator.Deploy.0 = Debug|Any CPU
		{2129085F-7584-4CE4-A017-63BA8F1FA710}.Release|Any CPU.ActiveCfg = Release|Any CPU
		{2129085F-7584-4CE4-A017-63BA8F1FA710}.Release|Any CPU.Build.0 = Release|Any CPU
		{2129085F-7584-4CE4-A017-63BA8F1FA710}.Release|Any CPU.Deploy.0 = Release|Any CPU
		{2129085F-7584-4CE4-A017-63BA8F1FA710}.Release|iPhone.ActiveCfg = Release|Any CPU
		{2129085F-7584-4CE4-A017-63BA8F1FA710}.Release|iPhone.Build.0 = Release|Any CPU
		{2129085F-7584-4CE4-A017-63BA8F1FA710}.Release|iPhone.Deploy.0 = Release|Any CPU
		{2129085F-7584-4CE4-A017-63BA8F1FA710}.Release|iPhoneSimulator.ActiveCfg = Release|Any CPU
		{2129085F-7584-4CE4-A017-63BA8F1FA710}.Release|iPhoneSimulator.Build.0 = Release|Any CPU
		{2129085F-7584-4CE4-A017-63BA8F1FA710}.Release|iPhoneSimulator.Deploy.0 = Release|Any CPU
		{EA5AE2FA-DC73-4867-B5B4-DD0470257160}.Ad-Hoc|Any CPU.ActiveCfg = Release|Any CPU
		{EA5AE2FA-DC73-4867-B5B4-DD0470257160}.Ad-Hoc|Any CPU.Build.0 = Release|Any CPU
		{EA5AE2FA-DC73-4867-B5B4-DD0470257160}.Ad-Hoc|Any CPU.Deploy.0 = Release|Any CPU
		{EA5AE2FA-DC73-4867-B5B4-DD0470257160}.Ad-Hoc|iPhone.ActiveCfg = Release|Any CPU
		{EA5AE2FA-DC73-4867-B5B4-DD0470257160}.Ad-Hoc|iPhone.Build.0 = Release|Any CPU
		{EA5AE2FA-DC73-4867-B5B4-DD0470257160}.Ad-Hoc|iPhone.Deploy.0 = Release|Any CPU
		{EA5AE2FA-DC73-4867-B5B4-DD0470257160}.Ad-Hoc|iPhoneSimulator.ActiveCfg = Release|Any CPU
		{EA5AE2FA-DC73-4867-B5B4-DD0470257160}.Ad-Hoc|iPhoneSimulator.Build.0 = Release|Any CPU
		{EA5AE2FA-DC73-4867-B5B4-DD0470257160}.Ad-Hoc|iPhoneSimulator.Deploy.0 = Release|Any CPU
		{EA5AE2FA-DC73-4867-B5B4-DD0470257160}.AppStore|Any CPU.ActiveCfg = Release|Any CPU
		{EA5AE2FA-DC73-4867-B5B4-DD0470257160}.AppStore|Any CPU.Build.0 = Release|Any CPU
		{EA5AE2FA-DC73-4867-B5B4-DD0470257160}.AppStore|Any CPU.Deploy.0 = Release|Any CPU
		{EA5AE2FA-DC73-4867-B5B4-DD0470257160}.AppStore|iPhone.ActiveCfg = Release|Any CPU
		{EA5AE2FA-DC73-4867-B5B4-DD0470257160}.AppStore|iPhone.Build.0 = Release|Any CPU
		{EA5AE2FA-DC73-4867-B5B4-DD0470257160}.AppStore|iPhone.Deploy.0 = Release|Any CPU
		{EA5AE2FA-DC73-4867-B5B4-DD0470257160}.AppStore|iPhoneSimulator.ActiveCfg = Release|Any CPU
		{EA5AE2FA-DC73-4867-B5B4-DD0470257160}.AppStore|iPhoneSimulator.Build.0 = Release|Any CPU
		{EA5AE2FA-DC73-4867-B5B4-DD0470257160}.AppStore|iPhoneSimulator.Deploy.0 = Release|Any CPU
		{EA5AE2FA-DC73-4867-B5B4-DD0470257160}.Debug|Any CPU.ActiveCfg = Debug|Any CPU
		{EA5AE2FA-DC73-4867-B5B4-DD0470257160}.Debug|Any CPU.Build.0 = Debug|Any CPU
		{EA5AE2FA-DC73-4867-B5B4-DD0470257160}.Debug|Any CPU.Deploy.0 = Debug|Any CPU
		{EA5AE2FA-DC73-4867-B5B4-DD0470257160}.Debug|iPhone.ActiveCfg = Debug|Any CPU
		{EA5AE2FA-DC73-4867-B5B4-DD0470257160}.Debug|iPhone.Build.0 = Debug|Any CPU
		{EA5AE2FA-DC73-4867-B5B4-DD0470257160}.Debug|iPhone.Deploy.0 = Debug|Any CPU
		{EA5AE2FA-DC73-4867-B5B4-DD0470257160}.Debug|iPhoneSimulator.ActiveCfg = Debug|Any CPU
		{EA5AE2FA-DC73-4867-B5B4-DD0470257160}.Debug|iPhoneSimulator.Build.0 = Debug|Any CPU
		{EA5AE2FA-DC73-4867-B5B4-DD0470257160}.Debug|iPhoneSimulator.Deploy.0 = Debug|Any CPU
		{EA5AE2FA-DC73-4867-B5B4-DD0470257160}.Release|Any CPU.ActiveCfg = Release|Any CPU
		{EA5AE2FA-DC73-4867-B5B4-DD0470257160}.Release|Any CPU.Build.0 = Release|Any CPU
		{EA5AE2FA-DC73-4867-B5B4-DD0470257160}.Release|Any CPU.Deploy.0 = Release|Any CPU
		{EA5AE2FA-DC73-4867-B5B4-DD0470257160}.Release|iPhone.ActiveCfg = Release|Any CPU
		{EA5AE2FA-DC73-4867-B5B4-DD0470257160}.Release|iPhone.Build.0 = Release|Any CPU
		{EA5AE2FA-DC73-4867-B5B4-DD0470257160}.Release|iPhone.Deploy.0 = Release|Any CPU
		{EA5AE2FA-DC73-4867-B5B4-DD0470257160}.Release|iPhoneSimulator.ActiveCfg = Release|Any CPU
		{EA5AE2FA-DC73-4867-B5B4-DD0470257160}.Release|iPhoneSimulator.Build.0 = Release|Any CPU
		{EA5AE2FA-DC73-4867-B5B4-DD0470257160}.Release|iPhoneSimulator.Deploy.0 = Release|Any CPU
		{53026399-093D-441D-84CB-4A9FA56CE0F9}.Ad-Hoc|Any CPU.ActiveCfg = Release|Any CPU
		{53026399-093D-441D-84CB-4A9FA56CE0F9}.Ad-Hoc|Any CPU.Build.0 = Release|Any CPU
		{53026399-093D-441D-84CB-4A9FA56CE0F9}.Ad-Hoc|Any CPU.Deploy.0 = Release|Any CPU
		{53026399-093D-441D-84CB-4A9FA56CE0F9}.Ad-Hoc|iPhone.ActiveCfg = Release|Any CPU
		{53026399-093D-441D-84CB-4A9FA56CE0F9}.Ad-Hoc|iPhone.Build.0 = Release|Any CPU
		{53026399-093D-441D-84CB-4A9FA56CE0F9}.Ad-Hoc|iPhone.Deploy.0 = Release|Any CPU
		{53026399-093D-441D-84CB-4A9FA56CE0F9}.Ad-Hoc|iPhoneSimulator.ActiveCfg = Release|Any CPU
		{53026399-093D-441D-84CB-4A9FA56CE0F9}.Ad-Hoc|iPhoneSimulator.Build.0 = Release|Any CPU
		{53026399-093D-441D-84CB-4A9FA56CE0F9}.Ad-Hoc|iPhoneSimulator.Deploy.0 = Release|Any CPU
		{53026399-093D-441D-84CB-4A9FA56CE0F9}.AppStore|Any CPU.ActiveCfg = Release|Any CPU
		{53026399-093D-441D-84CB-4A9FA56CE0F9}.AppStore|Any CPU.Build.0 = Release|Any CPU
		{53026399-093D-441D-84CB-4A9FA56CE0F9}.AppStore|Any CPU.Deploy.0 = Release|Any CPU
		{53026399-093D-441D-84CB-4A9FA56CE0F9}.AppStore|iPhone.ActiveCfg = Release|Any CPU
		{53026399-093D-441D-84CB-4A9FA56CE0F9}.AppStore|iPhone.Build.0 = Release|Any CPU
		{53026399-093D-441D-84CB-4A9FA56CE0F9}.AppStore|iPhone.Deploy.0 = Release|Any CPU
		{53026399-093D-441D-84CB-4A9FA56CE0F9}.AppStore|iPhoneSimulator.ActiveCfg = Release|Any CPU
		{53026399-093D-441D-84CB-4A9FA56CE0F9}.AppStore|iPhoneSimulator.Build.0 = Release|Any CPU
		{53026399-093D-441D-84CB-4A9FA56CE0F9}.AppStore|iPhoneSimulator.Deploy.0 = Release|Any CPU
		{53026399-093D-441D-84CB-4A9FA56CE0F9}.Debug|Any CPU.ActiveCfg = Debug|Any CPU
		{53026399-093D-441D-84CB-4A9FA56CE0F9}.Debug|Any CPU.Build.0 = Debug|Any CPU
		{53026399-093D-441D-84CB-4A9FA56CE0F9}.Debug|Any CPU.Deploy.0 = Debug|Any CPU
		{53026399-093D-441D-84CB-4A9FA56CE0F9}.Debug|iPhone.ActiveCfg = Debug|Any CPU
		{53026399-093D-441D-84CB-4A9FA56CE0F9}.Debug|iPhone.Build.0 = Debug|Any CPU
		{53026399-093D-441D-84CB-4A9FA56CE0F9}.Debug|iPhone.Deploy.0 = Debug|Any CPU
		{53026399-093D-441D-84CB-4A9FA56CE0F9}.Debug|iPhoneSimulator.ActiveCfg = Debug|Any CPU
		{53026399-093D-441D-84CB-4A9FA56CE0F9}.Debug|iPhoneSimulator.Build.0 = Debug|Any CPU
		{53026399-093D-441D-84CB-4A9FA56CE0F9}.Debug|iPhoneSimulator.Deploy.0 = Debug|Any CPU
		{53026399-093D-441D-84CB-4A9FA56CE0F9}.Release|Any CPU.ActiveCfg = Release|Any CPU
		{53026399-093D-441D-84CB-4A9FA56CE0F9}.Release|Any CPU.Build.0 = Release|Any CPU
		{53026399-093D-441D-84CB-4A9FA56CE0F9}.Release|Any CPU.Deploy.0 = Release|Any CPU
		{53026399-093D-441D-84CB-4A9FA56CE0F9}.Release|iPhone.ActiveCfg = Release|Any CPU
		{53026399-093D-441D-84CB-4A9FA56CE0F9}.Release|iPhone.Build.0 = Release|Any CPU
		{53026399-093D-441D-84CB-4A9FA56CE0F9}.Release|iPhone.Deploy.0 = Release|Any CPU
		{53026399-093D-441D-84CB-4A9FA56CE0F9}.Release|iPhoneSimulator.ActiveCfg = Release|Any CPU
		{53026399-093D-441D-84CB-4A9FA56CE0F9}.Release|iPhoneSimulator.Build.0 = Release|Any CPU
		{53026399-093D-441D-84CB-4A9FA56CE0F9}.Release|iPhoneSimulator.Deploy.0 = Release|Any CPU
		{5D95AA72-6252-4867-BFBC-D47596CD0008}.Ad-Hoc|Any CPU.ActiveCfg = Release|Any CPU
		{5D95AA72-6252-4867-BFBC-D47596CD0008}.Ad-Hoc|Any CPU.Build.0 = Release|Any CPU
		{5D95AA72-6252-4867-BFBC-D47596CD0008}.Ad-Hoc|Any CPU.Deploy.0 = Release|Any CPU
		{5D95AA72-6252-4867-BFBC-D47596CD0008}.Ad-Hoc|iPhone.ActiveCfg = Release|Any CPU
		{5D95AA72-6252-4867-BFBC-D47596CD0008}.Ad-Hoc|iPhone.Build.0 = Release|Any CPU
		{5D95AA72-6252-4867-BFBC-D47596CD0008}.Ad-Hoc|iPhone.Deploy.0 = Release|Any CPU
		{5D95AA72-6252-4867-BFBC-D47596CD0008}.Ad-Hoc|iPhoneSimulator.ActiveCfg = Release|Any CPU
		{5D95AA72-6252-4867-BFBC-D47596CD0008}.Ad-Hoc|iPhoneSimulator.Build.0 = Release|Any CPU
		{5D95AA72-6252-4867-BFBC-D47596CD0008}.Ad-Hoc|iPhoneSimulator.Deploy.0 = Release|Any CPU
		{5D95AA72-6252-4867-BFBC-D47596CD0008}.AppStore|Any CPU.ActiveCfg = Release|Any CPU
		{5D95AA72-6252-4867-BFBC-D47596CD0008}.AppStore|Any CPU.Build.0 = Release|Any CPU
		{5D95AA72-6252-4867-BFBC-D47596CD0008}.AppStore|Any CPU.Deploy.0 = Release|Any CPU
		{5D95AA72-6252-4867-BFBC-D47596CD0008}.AppStore|iPhone.ActiveCfg = Release|Any CPU
		{5D95AA72-6252-4867-BFBC-D47596CD0008}.AppStore|iPhone.Build.0 = Release|Any CPU
		{5D95AA72-6252-4867-BFBC-D47596CD0008}.AppStore|iPhone.Deploy.0 = Release|Any CPU
		{5D95AA72-6252-4867-BFBC-D47596CD0008}.AppStore|iPhoneSimulator.ActiveCfg = Release|Any CPU
		{5D95AA72-6252-4867-BFBC-D47596CD0008}.AppStore|iPhoneSimulator.Build.0 = Release|Any CPU
		{5D95AA72-6252-4867-BFBC-D47596CD0008}.AppStore|iPhoneSimulator.Deploy.0 = Release|Any CPU
		{5D95AA72-6252-4867-BFBC-D47596CD0008}.Debug|Any CPU.ActiveCfg = Debug|Any CPU
		{5D95AA72-6252-4867-BFBC-D47596CD0008}.Debug|Any CPU.Build.0 = Debug|Any CPU
		{5D95AA72-6252-4867-BFBC-D47596CD0008}.Debug|Any CPU.Deploy.0 = Debug|Any CPU
		{5D95AA72-6252-4867-BFBC-D47596CD0008}.Debug|iPhone.ActiveCfg = Debug|Any CPU
		{5D95AA72-6252-4867-BFBC-D47596CD0008}.Debug|iPhone.Build.0 = Debug|Any CPU
		{5D95AA72-6252-4867-BFBC-D47596CD0008}.Debug|iPhone.Deploy.0 = Debug|Any CPU
		{5D95AA72-6252-4867-BFBC-D47596CD0008}.Debug|iPhoneSimulator.ActiveCfg = Debug|Any CPU
		{5D95AA72-6252-4867-BFBC-D47596CD0008}.Debug|iPhoneSimulator.Build.0 = Debug|Any CPU
		{5D95AA72-6252-4867-BFBC-D47596CD0008}.Debug|iPhoneSimulator.Deploy.0 = Debug|Any CPU
		{5D95AA72-6252-4867-BFBC-D47596CD0008}.Release|Any CPU.ActiveCfg = Release|Any CPU
		{5D95AA72-6252-4867-BFBC-D47596CD0008}.Release|Any CPU.Build.0 = Release|Any CPU
		{5D95AA72-6252-4867-BFBC-D47596CD0008}.Release|Any CPU.Deploy.0 = Release|Any CPU
		{5D95AA72-6252-4867-BFBC-D47596CD0008}.Release|iPhone.ActiveCfg = Release|Any CPU
		{5D95AA72-6252-4867-BFBC-D47596CD0008}.Release|iPhone.Build.0 = Release|Any CPU
		{5D95AA72-6252-4867-BFBC-D47596CD0008}.Release|iPhone.Deploy.0 = Release|Any CPU
		{5D95AA72-6252-4867-BFBC-D47596CD0008}.Release|iPhoneSimulator.ActiveCfg = Release|Any CPU
		{5D95AA72-6252-4867-BFBC-D47596CD0008}.Release|iPhoneSimulator.Build.0 = Release|Any CPU
		{5D95AA72-6252-4867-BFBC-D47596CD0008}.Release|iPhoneSimulator.Deploy.0 = Release|Any CPU
		{A97F2771-126E-45EE-B58C-713AF1D1D9F0}.Ad-Hoc|Any CPU.ActiveCfg = Release|Any CPU
		{A97F2771-126E-45EE-B58C-713AF1D1D9F0}.Ad-Hoc|Any CPU.Build.0 = Release|Any CPU
		{A97F2771-126E-45EE-B58C-713AF1D1D9F0}.Ad-Hoc|Any CPU.Deploy.0 = Release|Any CPU
		{A97F2771-126E-45EE-B58C-713AF1D1D9F0}.Ad-Hoc|iPhone.ActiveCfg = Release|Any CPU
		{A97F2771-126E-45EE-B58C-713AF1D1D9F0}.Ad-Hoc|iPhone.Build.0 = Release|Any CPU
		{A97F2771-126E-45EE-B58C-713AF1D1D9F0}.Ad-Hoc|iPhone.Deploy.0 = Release|Any CPU
		{A97F2771-126E-45EE-B58C-713AF1D1D9F0}.Ad-Hoc|iPhoneSimulator.ActiveCfg = Release|Any CPU
		{A97F2771-126E-45EE-B58C-713AF1D1D9F0}.Ad-Hoc|iPhoneSimulator.Build.0 = Release|Any CPU
		{A97F2771-126E-45EE-B58C-713AF1D1D9F0}.Ad-Hoc|iPhoneSimulator.Deploy.0 = Release|Any CPU
		{A97F2771-126E-45EE-B58C-713AF1D1D9F0}.AppStore|Any CPU.ActiveCfg = Release|Any CPU
		{A97F2771-126E-45EE-B58C-713AF1D1D9F0}.AppStore|Any CPU.Build.0 = Release|Any CPU
		{A97F2771-126E-45EE-B58C-713AF1D1D9F0}.AppStore|Any CPU.Deploy.0 = Release|Any CPU
		{A97F2771-126E-45EE-B58C-713AF1D1D9F0}.AppStore|iPhone.ActiveCfg = Release|Any CPU
		{A97F2771-126E-45EE-B58C-713AF1D1D9F0}.AppStore|iPhone.Build.0 = Release|Any CPU
		{A97F2771-126E-45EE-B58C-713AF1D1D9F0}.AppStore|iPhone.Deploy.0 = Release|Any CPU
		{A97F2771-126E-45EE-B58C-713AF1D1D9F0}.AppStore|iPhoneSimulator.ActiveCfg = Release|Any CPU
		{A97F2771-126E-45EE-B58C-713AF1D1D9F0}.AppStore|iPhoneSimulator.Build.0 = Release|Any CPU
		{A97F2771-126E-45EE-B58C-713AF1D1D9F0}.AppStore|iPhoneSimulator.Deploy.0 = Release|Any CPU
		{A97F2771-126E-45EE-B58C-713AF1D1D9F0}.Debug|Any CPU.ActiveCfg = Debug|Any CPU
		{A97F2771-126E-45EE-B58C-713AF1D1D9F0}.Debug|Any CPU.Build.0 = Debug|Any CPU
		{A97F2771-126E-45EE-B58C-713AF1D1D9F0}.Debug|Any CPU.Deploy.0 = Debug|Any CPU
		{A97F2771-126E-45EE-B58C-713AF1D1D9F0}.Debug|iPhone.ActiveCfg = Debug|Any CPU
		{A97F2771-126E-45EE-B58C-713AF1D1D9F0}.Debug|iPhone.Build.0 = Debug|Any CPU
		{A97F2771-126E-45EE-B58C-713AF1D1D9F0}.Debug|iPhone.Deploy.0 = Debug|Any CPU
		{A97F2771-126E-45EE-B58C-713AF1D1D9F0}.Debug|iPhoneSimulator.ActiveCfg = Debug|Any CPU
		{A97F2771-126E-45EE-B58C-713AF1D1D9F0}.Debug|iPhoneSimulator.Build.0 = Debug|Any CPU
		{A97F2771-126E-45EE-B58C-713AF1D1D9F0}.Debug|iPhoneSimulator.Deploy.0 = Debug|Any CPU
		{A97F2771-126E-45EE-B58C-713AF1D1D9F0}.Release|Any CPU.ActiveCfg = Release|Any CPU
		{A97F2771-126E-45EE-B58C-713AF1D1D9F0}.Release|Any CPU.Build.0 = Release|Any CPU
		{A97F2771-126E-45EE-B58C-713AF1D1D9F0}.Release|Any CPU.Deploy.0 = Release|Any CPU
		{A97F2771-126E-45EE-B58C-713AF1D1D9F0}.Release|iPhone.ActiveCfg = Release|Any CPU
		{A97F2771-126E-45EE-B58C-713AF1D1D9F0}.Release|iPhone.Build.0 = Release|Any CPU
		{A97F2771-126E-45EE-B58C-713AF1D1D9F0}.Release|iPhone.Deploy.0 = Release|Any CPU
		{A97F2771-126E-45EE-B58C-713AF1D1D9F0}.Release|iPhoneSimulator.ActiveCfg = Release|Any CPU
		{A97F2771-126E-45EE-B58C-713AF1D1D9F0}.Release|iPhoneSimulator.Build.0 = Release|Any CPU
		{A97F2771-126E-45EE-B58C-713AF1D1D9F0}.Release|iPhoneSimulator.Deploy.0 = Release|Any CPU
		{1A3A6689-287F-4EEA-A983-CB4BE6D7BC30}.Ad-Hoc|Any CPU.ActiveCfg = Release|Any CPU
		{1A3A6689-287F-4EEA-A983-CB4BE6D7BC30}.Ad-Hoc|Any CPU.Build.0 = Release|Any CPU
		{1A3A6689-287F-4EEA-A983-CB4BE6D7BC30}.Ad-Hoc|Any CPU.Deploy.0 = Release|Any CPU
		{1A3A6689-287F-4EEA-A983-CB4BE6D7BC30}.Ad-Hoc|iPhone.ActiveCfg = Release|Any CPU
		{1A3A6689-287F-4EEA-A983-CB4BE6D7BC30}.Ad-Hoc|iPhone.Build.0 = Release|Any CPU
		{1A3A6689-287F-4EEA-A983-CB4BE6D7BC30}.Ad-Hoc|iPhone.Deploy.0 = Release|Any CPU
		{1A3A6689-287F-4EEA-A983-CB4BE6D7BC30}.Ad-Hoc|iPhoneSimulator.ActiveCfg = Release|Any CPU
		{1A3A6689-287F-4EEA-A983-CB4BE6D7BC30}.Ad-Hoc|iPhoneSimulator.Build.0 = Release|Any CPU
		{1A3A6689-287F-4EEA-A983-CB4BE6D7BC30}.Ad-Hoc|iPhoneSimulator.Deploy.0 = Release|Any CPU
		{1A3A6689-287F-4EEA-A983-CB4BE6D7BC30}.AppStore|Any CPU.ActiveCfg = Release|Any CPU
		{1A3A6689-287F-4EEA-A983-CB4BE6D7BC30}.AppStore|Any CPU.Build.0 = Release|Any CPU
		{1A3A6689-287F-4EEA-A983-CB4BE6D7BC30}.AppStore|Any CPU.Deploy.0 = Release|Any CPU
		{1A3A6689-287F-4EEA-A983-CB4BE6D7BC30}.AppStore|iPhone.ActiveCfg = Release|Any CPU
		{1A3A6689-287F-4EEA-A983-CB4BE6D7BC30}.AppStore|iPhone.Build.0 = Release|Any CPU
		{1A3A6689-287F-4EEA-A983-CB4BE6D7BC30}.AppStore|iPhone.Deploy.0 = Release|Any CPU
		{1A3A6689-287F-4EEA-A983-CB4BE6D7BC30}.AppStore|iPhoneSimulator.ActiveCfg = Release|Any CPU
		{1A3A6689-287F-4EEA-A983-CB4BE6D7BC30}.AppStore|iPhoneSimulator.Build.0 = Release|Any CPU
		{1A3A6689-287F-4EEA-A983-CB4BE6D7BC30}.AppStore|iPhoneSimulator.Deploy.0 = Release|Any CPU
		{1A3A6689-287F-4EEA-A983-CB4BE6D7BC30}.Debug|Any CPU.ActiveCfg = Debug|Any CPU
		{1A3A6689-287F-4EEA-A983-CB4BE6D7BC30}.Debug|Any CPU.Build.0 = Debug|Any CPU
		{1A3A6689-287F-4EEA-A983-CB4BE6D7BC30}.Debug|Any CPU.Deploy.0 = Debug|Any CPU
		{1A3A6689-287F-4EEA-A983-CB4BE6D7BC30}.Debug|iPhone.ActiveCfg = Debug|Any CPU
		{1A3A6689-287F-4EEA-A983-CB4BE6D7BC30}.Debug|iPhone.Build.0 = Debug|Any CPU
		{1A3A6689-287F-4EEA-A983-CB4BE6D7BC30}.Debug|iPhone.Deploy.0 = Debug|Any CPU
		{1A3A6689-287F-4EEA-A983-CB4BE6D7BC30}.Debug|iPhoneSimulator.ActiveCfg = Debug|Any CPU
		{1A3A6689-287F-4EEA-A983-CB4BE6D7BC30}.Debug|iPhoneSimulator.Build.0 = Debug|Any CPU
		{1A3A6689-287F-4EEA-A983-CB4BE6D7BC30}.Debug|iPhoneSimulator.Deploy.0 = Debug|Any CPU
		{1A3A6689-287F-4EEA-A983-CB4BE6D7BC30}.Release|Any CPU.ActiveCfg = Release|Any CPU
		{1A3A6689-287F-4EEA-A983-CB4BE6D7BC30}.Release|Any CPU.Build.0 = Release|Any CPU
		{1A3A6689-287F-4EEA-A983-CB4BE6D7BC30}.Release|Any CPU.Deploy.0 = Release|Any CPU
		{1A3A6689-287F-4EEA-A983-CB4BE6D7BC30}.Release|iPhone.ActiveCfg = Release|Any CPU
		{1A3A6689-287F-4EEA-A983-CB4BE6D7BC30}.Release|iPhone.Build.0 = Release|Any CPU
		{1A3A6689-287F-4EEA-A983-CB4BE6D7BC30}.Release|iPhone.Deploy.0 = Release|Any CPU
		{1A3A6689-287F-4EEA-A983-CB4BE6D7BC30}.Release|iPhoneSimulator.ActiveCfg = Release|Any CPU
		{1A3A6689-287F-4EEA-A983-CB4BE6D7BC30}.Release|iPhoneSimulator.Build.0 = Release|Any CPU
		{1A3A6689-287F-4EEA-A983-CB4BE6D7BC30}.Release|iPhoneSimulator.Deploy.0 = Release|Any CPU
	EndGlobalSection
	GlobalSection(SolutionProperties) = preSolution
		HideSolutionNode = FALSE
	EndGlobalSection
	GlobalSection(ExtensibilityGlobals) = postSolution
		SolutionGuid = {F8BB3ED8-54FD-4C7F-BE63-43CD788B5570}
	EndGlobalSection
EndGlobal
