
Microsoft Visual Studio Solution File, Format Version 12.00
# Visual Studio 15
VisualStudioVersion = 15.0.27004.2008
MinimumVisualStudioVersion = 10.0.40219.1
Project("{FAE04EC0-301F-11D3-BF4B-00C04F79EFBC}") = "Exercise1Solution", "Exercise1Solution\Exercise1Solution.csproj", "{F4FCA123-79A5-4EA3-9D32-788AF8AE53A3}"
EndProject
Project("{FAE04EC0-301F-11D3-BF4B-00C04F79EFBC}") = "Exercise11", "Exercise11\Exercise11.csproj", "{EA5AE2FA-DC73-4867-B5B4-DD0470257160}"
EndProject
Global
	GlobalSection(SolutionConfigurationPlatforms) = preSolution
		Ad-Hoc|Any CPU = Ad-Hoc|Any CPU
		Ad-Hoc|iPhone = Ad-Hoc|iPhone
		Ad-Hoc|iPhoneSimulator = Ad-Hoc|iPhoneSimulator
		AppStore|Any CPU = AppStore|Any CPU
		AppStore|iPhone = AppStore|iPhone
		AppStore|iPhoneSimulator = AppStore|iPhoneSimulator
		Debug|Any CPU = Debug|Any CPU
		Debug|iPhone = Debug|iPhone
		Debug|iPhoneSimulator = Debug|iPhoneSimulator
		Release|Any CPU = Release|Any CPU
		Release|iPhone = Release|iPhone
		Release|iPhoneSimulator = Release|iPhoneSimulator
	EndGlobalSection
	GlobalSection(ProjectConfigurationPlatforms) = postSolution
		{F4FCA123-79A5-4EA3-9D32-788AF8AE53A3}.Ad-Hoc|Any CPU.ActiveCfg = Release|Any CPU
		{F4FCA123-79A5-4EA3-9D32-788AF8AE53A3}.Ad-Hoc|Any CPU.Build.0 = Release|Any CPU
		{F4FCA123-79A5-4EA3-9D32-788AF8AE53A3}.Ad-Hoc|Any CPU.Deploy.0 = Release|Any CPU
		{F4FCA123-79A5-4EA3-9D32-788AF8AE53A3}.Ad-Hoc|iPhone.ActiveCfg = Release|Any CPU
		{F4FCA123-79A5-4EA3-9D32-788AF8AE53A3}.Ad-Hoc|iPhone.Build.0 = Release|Any CPU
		{F4FCA123-79A5-4EA3-9D32-788AF8AE53A3}.Ad-Hoc|iPhone.Deploy.0 = Release|Any CPU
		{F4FCA123-79A5-4EA3-9D32-788AF8AE53A3}.Ad-Hoc|iPhoneSimulator.ActiveCfg = Release|Any CPU
		{F4FCA123-79A5-4EA3-9D32-788AF8AE53A3}.Ad-Hoc|iPhoneSimulator.Build.0 = Release|Any CPU
		{F4FCA123-79A5-4EA3-9D32-788AF8AE53A3}.Ad-Hoc|iPhoneSimulator.Deploy.0 = Release|Any CPU
		{F4FCA123-79A5-4EA3-9D32-788AF8AE53A3}.AppStore|Any CPU.ActiveCfg = Release|Any CPU
		{F4FCA123-79A5-4EA3-9D32-788AF8AE53A3}.AppStore|Any CPU.Build.0 = Release|Any CPU
		{F4FCA123-79A5-4EA3-9D32-788AF8AE53A3}.AppStore|Any CPU.Deploy.0 = Release|Any CPU
		{F4FCA123-79A5-4EA3-9D32-788AF8AE53A3}.AppStore|iPhone.ActiveCfg = Release|Any CPU
		{F4FCA123-79A5-4EA3-9D32-788AF8AE53A3}.AppStore|iPhone.Build.0 = Release|Any CPU
		{F4FCA123-79A5-4EA3-9D32-788AF8AE53A3}.AppStore|iPhone.Deploy.0 = Release|Any CPU
		{F4FCA123-79A5-4EA3-9D32-788AF8AE53A3}.AppStore|iPhoneSimulator.ActiveCfg = Release|Any CPU
		{F4FCA123-79A5-4EA3-9D32-788AF8AE53A3}.AppStore|iPhoneSimulator.Build.0 = Release|Any CPU
		{F4FCA123-79A5-4EA3-9D32-788AF8AE53A3}.AppStore|iPhoneSimulator.Deploy.0 = Release|Any CPU
		{F4FCA123-79A5-4EA3-9D32-788AF8AE53A3}.Debug|Any CPU.ActiveCfg = Debug|Any CPU
		{F4FCA123-79A5-4EA3-9D32-788AF8AE53A3}.Debug|Any CPU.Build.0 = Debug|Any CPU
		{F4FCA123-79A5-4EA3-9D32-788AF8AE53A3}.Debug|Any CPU.Deploy.0 = Debug|Any CPU
		{F4FCA123-79A5-4EA3-9D32-788AF8AE53A3}.Debug|iPhone.ActiveCfg = Debug|Any CPU
		{F4FCA123-79A5-4EA3-9D32-788AF8AE53A3}.Debug|iPhone.Build.0 = Debug|Any CPU
		{F4FCA123-79A5-4EA3-9D32-788AF8AE53A3}.Debug|iPhone.Deploy.0 = Debug|Any CPU
		{F4FCA123-79A5-4EA3-9D32-788AF8AE53A3}.Debug|iPhoneSimulator.ActiveCfg = Debug|Any CPU
		{F4FCA123-79A5-4EA3-9D32-788AF8AE53A3}.Debug|iPhoneSimulator.Build.0 = Debug|Any CPU
		{F4FCA123-79A5-4EA3-9D32-788AF8AE53A3}.Debug|iPhoneSimulator.Deploy.0 = Debug|Any CPU
		{F4FCA123-79A5-4EA3-9D32-788AF8AE53A3}.Release|Any CPU.ActiveCfg = Release|Any CPU
		{F4FCA123-79A5-4EA3-9D32-788AF8AE53A3}.Release|Any CPU.Build.0 = Release|Any CPU
		{F4FCA123-79A5-4EA3-9D32-788AF8AE53A3}.Release|Any CPU.Deploy.0 = Release|Any CPU
		{F4FCA123-79A5-4EA3-9D32-788AF8AE53A3}.Release|iPhone.ActiveCfg = Release|Any CPU
		{F4FCA123-79A5-4EA3-9D32-788AF8AE53A3}.Release|iPhone.Build.0 = Release|Any CPU
		{F4FCA123-79A5-4EA3-9D32-788AF8AE53A3}.Release|iPhone.Deploy.0 = Release|Any CPU
		{F4FCA123-79A5-4EA3-9D32-788AF8AE53A3}.Release|iPhoneSimulator.ActiveCfg = Release|Any CPU
		{F4FCA123-79A5-4EA3-9D32-788AF8AE53A3}.Release|iPhoneSimulator.Build.0 = Release|Any CPU
		{F4FCA123-79A5-4EA3-9D32-788AF8AE53A3}.Release|iPhoneSimulator.Deploy.0 = Release|Any CPU
		{EA5AE2FA-DC73-4867-B5B4-DD0470257160}.Ad-Hoc|Any CPU.ActiveCfg = Release|Any CPU
		{EA5AE2FA-DC73-4867-B5B4-DD0470257160}.Ad-Hoc|Any CPU.Build.0 = Release|Any CPU
		{EA5AE2FA-DC73-4867-B5B4-DD0470257160}.Ad-Hoc|Any CPU.Deploy.0 = Release|Any CPU
		{EA5AE2FA-DC73-4867-B5B4-DD0470257160}.Ad-Hoc|iPhone.ActiveCfg = Release|Any CPU
		{EA5AE2FA-DC73-4867-B5B4-DD0470257160}.Ad-Hoc|iPhone.Build.0 = Release|Any CPU
		{EA5AE2FA-DC73-4867-B5B4-DD0470257160}.Ad-Hoc|iPhone.Deploy.0 = Release|Any CPU
		{EA5AE2FA-DC73-4867-B5B4-DD0470257160}.Ad-Hoc|iPhoneSimulator.ActiveCfg = Release|Any CPU
		{EA5AE2FA-DC73-4867-B5B4-DD0470257160}.Ad-Hoc|iPhoneSimulator.Build.0 = Release|Any CPU
		{EA5AE2FA-DC73-4867-B5B4-DD0470257160}.Ad-Hoc|iPhoneSimulator.Deploy.0 = Release|Any CPU
		{EA5AE2FA-DC73-4867-B5B4-DD0470257160}.AppStore|Any CPU.ActiveCfg = Release|Any CPU
		{EA5AE2FA-DC73-4867-B5B4-DD0470257160}.AppStore|Any CPU.Build.0 = Release|Any CPU
		{EA5AE2FA-DC73-4867-B5B4-DD0470257160}.AppStore|Any CPU.Deploy.0 = Release|Any CPU
		{EA5AE2FA-DC73-4867-B5B4-DD0470257160}.AppStore|iPhone.ActiveCfg = Release|Any CPU
		{EA5AE2FA-DC73-4867-B5B4-DD0470257160}.AppStore|iPhone.Build.0 = Release|Any CPU
		{EA5AE2FA-DC73-4867-B5B4-DD0470257160}.AppStore|iPhone.Deploy.0 = Release|Any CPU
		{EA5AE2FA-DC73-4867-B5B4-DD0470257160}.AppStore|iPhoneSimulator.ActiveCfg = Release|Any CPU
		{EA5AE2FA-DC73-4867-B5B4-DD0470257160}.AppStore|iPhoneSimulator.Build.0 = Release|Any CPU
		{EA5AE2FA-DC73-4867-B5B4-DD0470257160}.AppStore|iPhoneSimulator.Deploy.0 = Release|Any CPU
		{EA5AE2FA-DC73-4867-B5B4-DD0470257160}.Debug|Any CPU.ActiveCfg = Debug|Any CPU
		{EA5AE2FA-DC73-4867-B5B4-DD0470257160}.Debug|Any CPU.Build.0 = Debug|Any CPU
		{EA5AE2FA-DC73-4867-B5B4-DD0470257160}.Debug|Any CPU.Deploy.0 = Debug|Any CPU
		{EA5AE2FA-DC73-4867-B5B4-DD0470257160}.Debug|iPhone.ActiveCfg = Debug|Any CPU
		{EA5AE2FA-DC73-4867-B5B4-DD0470257160}.Debug|iPhone.Build.0 = Debug|Any CPU
		{EA5AE2FA-DC73-4867-B5B4-DD0470257160}.Debug|iPhone.Deploy.0 = Debug|Any CPU
		{EA5AE2FA-DC73-4867-B5B4-DD0470257160}.Debug|iPhoneSimulator.ActiveCfg = Debug|Any CPU
		{EA5AE2FA-DC73-4867-B5B4-DD0470257160}.Debug|iPhoneSimulator.Build.0 = Debug|Any CPU
		{EA5AE2FA-DC73-4867-B5B4-DD0470257160}.Debug|iPhoneSimulator.Deploy.0 = Debug|Any CPU
		{EA5AE2FA-DC73-4867-B5B4-DD0470257160}.Release|Any CPU.ActiveCfg = Release|Any CPU
		{EA5AE2FA-DC73-4867-B5B4-DD0470257160}.Release|Any CPU.Build.0 = Release|Any CPU
		{EA5AE2FA-DC73-4867-B5B4-DD0470257160}.Release|Any CPU.Deploy.0 = Release|Any CPU
		{EA5AE2FA-DC73-4867-B5B4-DD0470257160}.Release|iPhone.ActiveCfg = Release|Any CPU
		{EA5AE2FA-DC73-4867-B5B4-DD0470257160}.Release|iPhone.Build.0 = Release|Any CPU
		{EA5AE2FA-DC73-4867-B5B4-DD0470257160}.Release|iPhone.Deploy.0 = Release|Any CPU
		{EA5AE2FA-DC73-4867-B5B4-DD0470257160}.Release|iPhoneSimulator.ActiveCfg = Release|Any CPU
		{EA5AE2FA-DC73-4867-B5B4-DD0470257160}.Release|iPhoneSimulator.Build.0 = Release|Any CPU
		{EA5AE2FA-DC73-4867-B5B4-DD0470257160}.Release|iPhoneSimulator.Deploy.0 = Release|Any CPU
	EndGlobalSection
	GlobalSection(SolutionProperties) = preSolution
		HideSolutionNode = FALSE
	EndGlobalSection
	GlobalSection(ExtensibilityGlobals) = postSolution
		SolutionGuid = {F8BB3ED8-54FD-4C7F-BE63-43CD788B5570}
	EndGlobalSection
EndGlobal
